{
	"name": "convoy-dashboard",
	"version": "0.0.1",
	"lockfileVersion": 1,
	"requires": true,
	"dependencies": {
		"@types/prismjs": {
			"version": "1.16.6",
			"resolved": "https://registry.npmjs.org/@types/prismjs/-/prismjs-1.16.6.tgz",
			"integrity": "sha512-dTvnamRITNqNkqhlBd235kZl3KfVJQQoT5jkXeiWSBK7i4/TLKBNLV0S1wOt8gy4E2TY722KLtdmv2xc6+Wevg==",
			"dev": true
		}
	}
}
